PODS:
  - Charts (3.1.1):
    - Charts/Core (= 3.1.1)
  - Charts/Core (3.1.1)
  - SocketRocket (0.5.1)
  - StompClientLib (1.2.2):
    - SocketRocket

DEPENDENCIES:
  - Charts
  - StompClientLib

SPEC REPOS:
  https://github.com/cocoapods/specs.git:
    - Charts
    - SocketRocket
    - StompClientLib

SPEC CHECKSUMS:
  Charts: 90a4d61da0f6e06684c591e3bcab11940fe61736
  SocketRocket: d57c7159b83c3c6655745cd15302aa24b6bae531
  StompClientLib: 722379c85b96423de965245d2bb9e01e931ce7ed

PODFILE CHECKSUM: 41e7cf7a8d1d679cc5d8dcedaea74787febd5049

COCOAPODS: 1.5.3
